// !$*UTF8*$!
{
	archiveVersion = 1;
	classes = {
	};
	objectVersion = 77;
	objects = {

/* Begin PBXContainerItemProxy section */
		806AD52D2D6E59DB00806ACB /* PBXContainerItemProxy */ = {
			isa = PBXContainerItemProxy;
			containerPortal = 806AD5142D6E59DA00806ACB /* Project object */;
			proxyType = 1;
			remoteGlobalIDString = 806AD51B2D6E59DA00806ACB;
			remoteInfo = "goal tracker";
		};
		806AD5372D6E59DB00806ACB /* PBXContainerItemProxy */ = {
			isa = PBXContainerItemProxy;
			containerPortal = 806AD5142D6E59DA00806ACB /* Project object */;
			proxyType = 1;
			remoteGlobalIDString = 806AD51B2D6E59DA00806ACB;
			remoteInfo = "goal tracker";
		};
/* End PBXContainerItemProxy section */

/* Begin PBXFileReference section */
		806AD51C2D6E59DA00806ACB /* goal tracker.app */ = {isa = PBXFileReference; explicitFileType = wrapper.application; includeInIndex = 0; path = "goal tracker.app"; sourceTree = BUILT_PRODUCTS_DIR; };
		806AD52C2D6E59DB00806ACB /* goal trackerTests.xctest */ = {isa = PBXFileReference; explicitFileType = wrapper.cfbundle; includeInIndex = 0; path = "goal trackerTests.xctest"; sourceTree = BUILT_PRODUCTS_DIR; };
		806AD5362D6E59DB00806ACB /* goal trackerUITests.xctest */ = {isa = PBXFileReference; explicitFileType = wrapper.cfbundle; includeInIndex = 0; path = "goal trackerUITests.xctest"; sourceTree = BUILT_PRODUCTS_DIR; };
/* End PBXFileReference section */

/* Begin PBXFileSystemSynchronizedRootGroup section */
		806AD51E2D6E59DA00806ACB /* goal tracker */ = {
			isa = PBXFileSystemSynchronizedRootGroup;
			path = "goal tracker";
			sourceTree = "<group>";
		};
		806AD52F2D6E59DB00806ACB /* goal trackerTests */ = {
			isa = PBXFileSystemSynchronizedRootGroup;
			path = "goal trackerTests";
			sourceTree = "<group>";
		};
		806AD5392D6E59DB00806ACB /* goal trackerUITests */ = {
			isa = PBXFileSystemSynchronizedRootGroup;
			path = "goal trackerUITests";
			sourceTree = "<group>";
		};
/* End PBXFileSystemSynchronizedRootGroup section */

/* Begin PBXFrameworksBuildPhase section */
		806AD5192D6E59DA00806ACB /* Frameworks */ = {
			isa = PBXFrameworksBuildPhase;
			buildActionMask = 2147483647;
			files = (
			);
			runOnlyForDeploymentPostprocessing = 0;
		};
		806AD5292D6E59DB00806ACB /* Frameworks */ = {
			isa = PBXFrameworksBuildPhase;
			buildActionMask = 2147483647;
			files = (
			);
			runOnlyForDeploymentPostprocessing = 0;
		};
		806AD5332D6E59DB00806ACB /* Frameworks */ = {
			isa = PBXFrameworksBuildPhase;
			buildActionMask = 2147483647;
			files = (
			);
			runOnlyForDeploymentPostprocessing = 0;
		};
/* End PBXFrameworksBuildPhase section */

/* Begin PBXGroup section */
		806AD5132D6E59DA00806ACB = {
			isa = PBXGroup;
			children = (
				806AD51E2D6E59DA00806ACB /* goal tracker */,
				806AD52F2D6E59DB00806ACB /* goal trackerTests */,
				806AD5392D6E59DB00806ACB /* goal trackerUITests */,
				806AD51D2D6E59DA00806ACB /* Products */,
			);
			sourceTree = "<group>";
		};
		806AD51D2D6E59DA00806ACB /* Products */ = {
			isa = PBXGroup;
			children = (
				806AD51C2D6E59DA00806ACB /* goal tracker.app */,
				806AD52C2D6E59DB00806ACB /* goal trackerTests.xctest */,
				806AD5362D6E59DB00806ACB /* goal trackerUITests.xctest */,
			);
			name = Products;
			sourceTree = "<group>";
		};
/* End PBXGroup section */

/* Begin PBXNativeTarget section */
		806AD51B2D6E59DA00806ACB /* goal tracker */ = {
			isa = PBXNativeTarget;
			buildConfigurationList = 806AD5402D6E59DB00806ACB /* Build configuration list for PBXNativeTarget "goal tracker" */;
			buildPhases = (
				806AD5182D6E59DA00806ACB /* Sources */,
				806AD5192D6E59DA00806ACB /* Frameworks */,
				806AD51A2D6E59DA00806ACB /* Resources */,
			);
			buildRules = (
			);
			dependencies = (
			);
			fileSystemSynchronizedGroups = (
				806AD51E2D6E59DA00806ACB /* goal tracker */,
			);
			name = "goal tracker";
			packageProductDependencies = (
			);
			productName = "goal tracker";
			productReference = 806AD51C2D6E59DA00806ACB /* goal tracker.app */;
			productType = "com.apple.product-type.application";
		};
		806AD52B2D6E59DB00806ACB /* goal trackerTests */ = {
			isa = PBXNativeTarget;
			buildConfigurationList = 806AD5432D6E59DB00806ACB /* Build configuration list for PBXNativeTarget "goal trackerTests" */;
			buildPhases = (
				806AD5282D6E59DB00806ACB /* Sources */,
				806AD5292D6E59DB00806ACB /* Frameworks */,
				806AD52A2D6E59DB00806ACB /* Resources */,
			);
			buildRules = (
			);
			dependencies = (
				806AD52E2D6E59DB00806ACB /* PBXTargetDependency */,
			);
			fileSystemSynchronizedGroups = (
				806AD52F2D6E59DB00806ACB /* goal trackerTests */,
			);
			name = "goal trackerTests";
			packageProductDependencies = (
			);
			productName = "goal trackerTests";
			productReference = 806AD52C2D6E59DB00806ACB /* goal trackerTests.xctest */;
			productType = "com.apple.product-type.bundle.unit-test";
		};
		806AD5352D6E59DB00806ACB /* goal trackerUITests */ = {
			isa = PBXNativeTarget;
			buildConfigurationList = 806AD5462D6E59DB00806ACB /* Build configuration list for PBXNativeTarget "goal trackerUITests" */;
			buildPhases = (
				806AD5322D6E59DB00806ACB /* Sources */,
				806AD5332D6E59DB00806ACB /* Frameworks */,
				806AD5342D6E59DB00806ACB /* Resources */,
			);
			buildRules = (
			);
			dependencies = (
				806AD5382D6E59DB00806ACB /* PBXTargetDependency */,
			);
			fileSystemSynchronizedGroups = (
				806AD5392D6E59DB00806ACB /* goal trackerUITests */,
			);
			name = "goal trackerUITests";
			packageProductDependencies = (
			);
			productName = "goal trackerUITests";
			productReference = 806AD5362D6E59DB00806ACB /* goal trackerUITests.xctest */;
			productType = "com.apple.product-type.bundle.ui-testing";
		};
/* End PBXNativeTarget section */

/* Begin PBXProject section */
		806AD5142D6E59DA00806ACB /* Project object */ = {
			isa = PBXProject;
			attributes = {
				BuildIndependentTargetsInParallel = 1;
				LastSwiftUpdateCheck = 1620;
				LastUpgradeCheck = 1620;
				TargetAttributes = {
					806AD51B2D6E59DA00806ACB = {
						CreatedOnToolsVersion = 16.2;
					};
					806AD52B2D6E59DB00806ACB = {
						CreatedOnToolsVersion = 16.2;
						TestTargetID = 806AD51B2D6E59DA00806ACB;
					};
					806AD5352D6E59DB00806ACB = {
						CreatedOnToolsVersion = 16.2;
						TestTargetID = 806AD51B2D6E59DA00806ACB;
					};
				};
			};
			buildConfigurationList = 806AD5172D6E59DA00806ACB /* Build configuration list for PBXProject "goal tracker" */;
			developmentRegion = en;
			hasScannedForEncodings = 0;
			knownRegions = (
				en,
				Base,
			);
			mainGroup = 806AD5132D6E59DA00806ACB;
			minimizedProjectReferenceProxies = 1;
			preferredProjectObjectVersion = 77;
			productRefGroup = 806AD51D2D6E59DA00806ACB /* Products */;
			projectDirPath = "";
			projectRoot = "";
			targets = (
				806AD51B2D6E59DA00806ACB /* goal tracker */,
				806AD52B2D6E59DB00806ACB /* goal trackerTests */,
				806AD5352D6E59DB00806ACB /* goal trackerUITests */,
			);
		};
/* End PBXProject section */

/* Begin PBXResourcesBuildPhase section */
		806AD51A2D6E59DA00806ACB /* Resources */ = {
			isa = PBXResourcesBuildPhase;
			buildActionMask = 2147483647;
			files = (
			);
			runOnlyForDeploymentPostprocessing = 0;
		};
		806AD52A2D6E59DB00806ACB /* Resources */ = {
			isa = PBXResourcesBuildPhase;
			buildActionMask = 2147483647;
			files = (
			);
			runOnlyForDeploymentPostprocessing = 0;
		};
		806AD5342D6E59DB00806ACB /* Resources */ = {
			isa = PBXResourcesBuildPhase;
			buildActionMask = 2147483647;
			files = (
			);
			runOnlyForDeploymentPostprocessing = 0;
		};
/* End PBXResourcesBuildPhase section */

/* Begin PBXSourcesBuildPhase section */
		806AD5182D6E59DA00806ACB /* Sources */ = {
			isa = PBXSourcesBuildPhase;
			buildActionMask = 2147483647;
			files = (
			);
			runOnlyForDeploymentPostprocessing = 0;
		};
		806AD5282D6E59DB00806ACB /* Sources */ = {
			isa = PBXSourcesBuildPhase;
			buildActionMask = 2147483647;
			files = (
			);
			runOnlyForDeploymentPostprocessing = 0;
		};
		806AD5322D6E59DB00806ACB /* Sources */ = {
			isa = PBXSourcesBuildPhase;
			buildActionMask = 2147483647;
			files = (
			);
			runOnlyForDeploymentPostprocessing = 0;
		};
/* End PBXSourcesBuildPhase section */

/* Begin PBXTargetDependency section */
		806AD52E2D6E59DB00806ACB /* PBXTargetDependency */ = {
			isa = PBXTargetDependency;
			target = 806AD51B2D6E59DA00806ACB /* goal tracker */;
			targetProxy = 806AD52D2D6E59DB00806ACB /* PBXContainerItemProxy */;
		};
		806AD5382D6E59DB00806ACB /* PBXTargetDependency */ = {
			isa = PBXTargetDependency;
			target = 806AD51B2D6E59DA00806ACB /* goal tracker */;
			targetProxy = 806AD5372D6E59DB00806ACB /* PBXContainerItemProxy */;
		};
/* End PBXTargetDependency section */

/* Begin XCBuildConfiguration section */
		806AD53E2D6E59DB00806ACB /* Debug */ = {
			isa = XCBuildConfiguration;
			buildSettings = {
				ALWAYS_SEARCH_USER_PATHS = NO;
				ASSETCATALOG_COMPILER_GENERATE_SWIFT_ASSET_SYMBOL_EXTENSIONS = YES;
				CLANG_ANALYZER_NONNULL = YES;
				CLANG_ANALYZER_NUMBER_OBJECT_CONVERSION = YES_AGGRESSIVE;
				CLANG_CXX_LANGUAGE_STANDARD = "gnu++20";
				CLANG_ENABLE_MODULES = YES;
				CLANG_ENABLE_OBJC_ARC = YES;
				CLANG_ENABLE_OBJC_WEAK = YES;
				CLANG_WARN_BLOCK_CAPTURE_AUTORELEASING = YES;
				CLANG_WARN_BOOL_CONVERSION = YES;
				CLANG_WARN_COMMA = YES;
				CLANG_WARN_CONSTANT_CONVERSION = YES;
				CLANG_WARN_DEPRECATED_OBJC_IMPLEMENTATIONS = YES;
				CLANG_WARN_DIRECT_OBJC_ISA_USAGE = YES_ERROR;
				CLANG_WARN_DOCUMENTATION_COMMENTS = YES;
				CLANG_WARN_EMPTY_BODY = YES;
				CLANG_WARN_ENUM_CONVERSION = YES;
				CLANG_WARN_INFINITE_RECURSION = YES;
				CLANG_WARN_INT_CONVERSION = YES;
				CLANG_WARN_NON_LITERAL_NULL_CONVERSION = YES;
				CLANG_WARN_OBJC_IMPLICIT_RETAIN_SELF = YES;
				CLANG_WARN_OBJC_LITERAL_CONVERSION = YES;
				CLANG_WARN_OBJC_ROOT_CLASS = YES_ERROR;
				CLANG_WARN_QUOTED_INCLUDE_IN_FRAMEWORK_HEADER = YES;
				CLANG_WARN_RANGE_LOOP_ANALYSIS = YES;
				CLANG_WARN_STRICT_PROTOTYPES = YES;
				CLANG_WARN_SUSPICIOUS_MOVE = YES;
				CLANG_WARN_UNGUARDED_AVAILABILITY = YES_AGGRESSIVE;
				CLANG_WARN_UNREACHABLE_CODE = YES;
				CLANG_WARN__DUPLICATE_METHOD_MATCH = YES;
				COPY_PHASE_STRIP = NO;
				DEBUG_INFORMATION_FORMAT = dwarf;
				ENABLE_STRICT_OBJC_MSGSEND = YES;
				ENABLE_TESTABILITY = YES;
				ENABLE_USER_SCRIPT_SANDBOXING = YES;
				GCC_C_LANGUAGE_STANDARD = gnu17;
				GCC_DYNAMIC_NO_PIC = NO;
				GCC_NO_COMMON_BLOCKS = YES;
				GCC_OPTIMIZATION_LEVEL = 0;
				GCC_PREPROCESSOR_DEFINITIONS = (
					"DEBUG=1",
					"$(inherited)",
				);
				GCC_WARN_64_TO_32_BIT_CONVERSION = YES;
				GCC_WARN_ABOUT_RETURN_TYPE = YES_ERROR;
				GCC_WARN_UNDECLARED_SELECTOR = YES;
				GCC_WARN_UNINITIALIZED_AUTOS = YES_AGGRESSIVE;
				GCC_WARN_UNUSED_FUNCTION = YES;
				GCC_WARN_UNUSED_VARIABLE = YES;
				IPHONEOS_DEPLOYMENT_TARGET = 18.2;
				LOCALIZATION_PREFERS_STRING_CATALOGS = YES;
				MTL_ENABLE_DEBUG_INFO = INCLUDE_SOURCE;
				MTL_FAST_MATH = YES;
				ONLY_ACTIVE_ARCH = YES;
				SDKROOT = iphoneos;
				SWIFT_ACTIVE_COMPILATION_CONDITIONS = "DEBUG $(inherited)";
				SWIFT_OPTIMIZATION_LEVEL = "-Onone";
			};
			name = Debug;
		};
		806AD53F2D6E59DB00806ACB /* Release */ = {
			isa = XCBuildConfiguration;
			buildSettings = {
				ALWAYS_SEARCH_USER_PATHS = NO;
				ASSETCATALOG_COMPILER_GENERATE_SWIFT_ASSET_SYMBOL_EXTENSIONS = YES;
				CLANG_ANALYZER_NONNULL = YES;
				CLANG_ANALYZER_NUMBER_OBJECT_CONVERSION = YES_AGGRESSIVE;
				CLANG_CXX_LANGUAGE_STANDARD = "gnu++20";
				CLANG_ENABLE_MODULES = YES;
				CLANG_ENABLE_OBJC_ARC = YES;
				CLANG_ENABLE_OBJC_WEAK = YES;
				CLANG_WARN_BLOCK_CAPTURE_AUTORELEASING = YES;
				CLANG_WARN_BOOL_CONVERSION = YES;
				CLANG_WARN_COMMA = YES;
				CLANG_WARN_CONSTANT_CONVERSION = YES;
				CLANG_WARN_DEPRECATED_OBJC_IMPLEMENTATIONS = YES;
				CLANG_WARN_DIRECT_OBJC_ISA_USAGE = YES_ERROR;
				CLANG_WARN_DOCUMENTATION_COMMENTS = YES;
				CLANG_WARN_EMPTY_BODY = YES;
				CLANG_WARN_ENUM_CONVERSION = YES;
				CLANG_WARN_INFINITE_RECURSION = YES;
				CLANG_WARN_INT_CONVERSION = YES;
				CLANG_WARN_NON_LITERAL_NULL_CONVERSION = YES;
				CLANG_WARN_OBJC_IMPLICIT_RETAIN_SELF = YES;
				CLANG_WARN_OBJC_LITERAL_CONVERSION = YES;
				CLANG_WARN_OBJC_ROOT_CLASS = YES_ERROR;
				CLANG_WARN_QUOTED_INCLUDE_IN_FRAMEWORK_HEADER = YES;
				CLANG_WARN_RANGE_LOOP_ANALYSIS = YES;
				CLANG_WARN_STRICT_PROTOTYPES = YES;
				CLANG_WARN_SUSPICIOUS_MOVE = YES;
				CLANG_WARN_UNGUARDED_AVAILABILITY = YES_AGGRESSIVE;
				CLANG_WARN_UNREACHABLE_CODE = YES;
				CLANG_WARN__DUPLICATE_METHOD_MATCH = YES;
				COPY_PHASE_STRIP = NO;
				DEBUG_INFORMATION_FORMAT = "dwarf-with-dsym";
				ENABLE_NS_ASSERTIONS = NO;
				ENABLE_STRICT_OBJC_MSGSEND = YES;
				ENABLE_USER_SCRIPT_SANDBOXING = YES;
				GCC_C_LANGUAGE_STANDARD = gnu17;
				GCC_NO_COMMON_BLOCKS = YES;
				GCC_WARN_64_TO_32_BIT_CONVERSION = YES;
				GCC_WARN_ABOUT_RETURN_TYPE = YES_ERROR;
				GCC_WARN_UNDECLARED_SELECTOR = YES;
				GCC_WARN_UNINITIALIZED_AUTOS = YES_AGGRESSIVE;
				GCC_WARN_UNUSED_FUNCTION = YES;
				GCC_WARN_UNUSED_VARIABLE = YES;
				IPHONEOS_DEPLOYMENT_TARGET = 18.2;
				LOCALIZATION_PREFERS_STRING_CATALOGS = YES;
				MTL_ENABLE_DEBUG_INFO = NO;
				MTL_FAST_MATH = YES;
				SDKROOT = iphoneos;
				SWIFT_COMPILATION_MODE = wholemodule;
				VALIDATE_PRODUCT = YES;
			};
			name = Release;
		};
		806AD5412D6E59DB00806ACB /* Debug */ = {
			isa = XCBuildConfiguration;
			buildSettings = {
				ASSETCATALOG_COMPILER_APPICON_NAME = AppIcon;
				ASSETCATALOG_COMPILER_GLOBAL_ACCENT_COLOR_NAME = AccentColor;
				CODE_SIGN_STYLE = Automatic;
				CURRENT_PROJECT_VERSION = 1;
				DEVELOPMENT_ASSET_PATHS = "\"goal tracker/Preview Content\"";
				DEVELOPMENT_TEAM = 87YQXN55JZ;
				ENABLE_PREVIEWS = YES;
				GENERATE_INFOPLIST_FILE = YES;
				INFOPLIST_KEY_UIApplicationSceneManifest_Generation = YES;
				INFOPLIST_KEY_UIApplicationSupportsIndirectInputEvents = YES;
				INFOPLIST_KEY_UILaunchScreen_Generation = YES;
				INFOPLIST_KEY_UISupportedInterfaceOrientations_iPad = "UIInterfaceOrientationPortrait UIInterfaceOrientationPortraitUpsideDown UIInterfaceOrientationLandscapeLeft UIInterfaceOrientationLandscapeRight";
				INFOPLIST_KEY_UISupportedInterfaceOrientations_iPhone = "UIInterfaceOrientationPortrait UIInterfaceOrientationLandscapeLeft UIInterfaceOrientationLandscapeRight";
				LD_RUNPATH_SEARCH_PATHS = (
					"$(inherited)",
					"@executable_path/Frameworks",
				);
				MARKETING_VERSION = 1.0;
				PRODUCT_BUNDLE_IDENTIFIER = "name.henrikpersson.goal-tracker";
				PRODUCT_NAME = "$(TARGET_NAME)";
				SWIFT_EMIT_LOC_STRINGS = YES;
				SWIFT_VERSION = 5.0;
				TARGETED_DEVICE_FAMILY = "1,2";
			};
			name = Debug;
		};
		806AD5422D6E59DB00806ACB /* Release */ = {
			isa = XCBuildConfiguration;
			buildSettings = {
				ASSETCATALOG_COMPILER_APPICON_NAME = AppIcon;
				ASSETCATALOG_COMPILER_GLOBAL_ACCENT_COLOR_NAME = AccentColor;
				CODE_SIGN_STYLE = Automatic;
				CURRENT_PROJECT_VERSION = 1;
				DEVELOPMENT_ASSET_PATHS = "\"goal tracker/Preview Content\"";
				DEVELOPMENT_TEAM = 87YQXN55JZ;
				ENABLE_PREVIEWS = YES;
				GENERATE_INFOPLIST_FILE = YES;
				INFOPLIST_KEY_UIApplicationSceneManifest_Generation = YES;
				INFOPLIST_KEY_UIApplicationSupportsIndirectInputEvents = YES;
				INFOPLIST_KEY_UILaunchScreen_Generation = YES;
				INFOPLIST_KEY_UISupportedInterfaceOrientations_iPad = "UIInterfaceOrientationPortrait UIInterfaceOrientationPortraitUpsideDown UIInterfaceOrientationLandscapeLeft UIInterfaceOrientationLandscapeRight";
				INFOPLIST_KEY_UISupportedInterfaceOrientations_iPhone = "UIInterfaceOrientationPortrait UIInterfaceOrientationLandscapeLeft UIInterfaceOrientationLandscapeRight";
				LD_RUNPATH_SEARCH_PATHS = (
					"$(inherited)",
					"@executable_path/Frameworks",
				);
				MARKETING_VERSION = 1.0;
				PRODUCT_BUNDLE_IDENTIFIER = "name.henrikpersson.goal-tracker";
				PRODUCT_NAME = "$(TARGET_NAME)";
				SWIFT_EMIT_LOC_STRINGS = YES;
				SWIFT_VERSION = 5.0;
				TARGETED_DEVICE_FAMILY = "1,2";
			};
			name = Release;
		};
		806AD5442D6E59DB00806ACB /* Debug */ = {
			isa = XCBuildConfiguration;
			buildSettings = {
				BUNDLE_LOADER = "$(TEST_HOST)";
				CODE_SIGN_STYLE = Automatic;
				CURRENT_PROJECT_VERSION = 1;
				DEVELOPMENT_TEAM = 87YQXN55JZ;
				GENERATE_INFOPLIST_FILE = YES;
				IPHONEOS_DEPLOYMENT_TARGET = 18.2;
				MARKETING_VERSION = 1.0;
				PRODUCT_BUNDLE_IDENTIFIER = "name.henrikpersson.goal-trackerTests";
				PRODUCT_NAME = "$(TARGET_NAME)";
				SWIFT_EMIT_LOC_STRINGS = NO;
				SWIFT_VERSION = 5.0;
				TARGETED_DEVICE_FAMILY = "1,2";
				TEST_HOST = "$(BUILT_PRODUCTS_DIR)/goal tracker.app/$(BUNDLE_EXECUTABLE_FOLDER_PATH)/goal tracker";
			};
			name = Debug;
		};
		806AD5452D6E59DB00806ACB /* Release */ = {
			isa = XCBuildConfiguration;
			buildSettings = {
				BUNDLE_LOADER = "$(TEST_HOST)";
				CODE_SIGN_STYLE = Automatic;
				CURRENT_PROJECT_VERSION = 1;
				DEVELOPMENT_TEAM = 87YQXN55JZ;
				GENERATE_INFOPLIST_FILE = YES;
				IPHONEOS_DEPLOYMENT_TARGET = 18.2;
				MARKETING_VERSION = 1.0;
				PRODUCT_BUNDLE_IDENTIFIER = "name.henrikpersson.goal-trackerTests";
				PRODUCT_NAME = "$(TARGET_NAME)";
				SWIFT_EMIT_LOC_STRINGS = NO;
				SWIFT_VERSION = 5.0;
				TARGETED_DEVICE_FAMILY = "1,2";
				TEST_HOST = "$(BUILT_PRODUCTS_DIR)/goal tracker.app/$(BUNDLE_EXECUTABLE_FOLDER_PATH)/goal tracker";
			};
			name = Release;
		};
		806AD5472D6E59DB00806ACB /* Debug */ = {
			isa = XCBuildConfiguration;
			buildSettings = {
				CODE_SIGN_STYLE = Automatic;
				CURRENT_PROJECT_VERSION = 1;
				DEVELOPMENT_TEAM = 87YQXN55JZ;
				GENERATE_INFOPLIST_FILE = YES;
				MARKETING_VERSION = 1.0;
				PRODUCT_BUNDLE_IDENTIFIER = "name.henrikpersson.goal-trackerUITests";
				PRODUCT_NAME = "$(TARGET_NAME)";
				SWIFT_EMIT_LOC_STRINGS = NO;
				SWIFT_VERSION = 5.0;
				TARGETED_DEVICE_FAMILY = "1,2";
				TEST_TARGET_NAME = "goal tracker";
			};
			name = Debug;
		};
		806AD5482D6E59DB00806ACB /* Release */ = {
			isa = XCBuildConfiguration;
			buildSettings = {
				CODE_SIGN_STYLE = Automatic;
				CURRENT_PROJECT_VERSION = 1;
				DEVELOPMENT_TEAM = 87YQXN55JZ;
				GENERATE_INFOPLIST_FILE = YES;
				MARKETING_VERSION = 1.0;
				PRODUCT_BUNDLE_IDENTIFIER = "name.henrikpersson.goal-trackerUITests";
				PRODUCT_NAME = "$(TARGET_NAME)";
				SWIFT_EMIT_LOC_STRINGS = NO;
				SWIFT_VERSION = 5.0;
				TARGETED_DEVICE_FAMILY = "1,2";
				TEST_TARGET_NAME = "goal tracker";
			};
			name = Release;
		};
/* End XCBuildConfiguration section */

/* Begin XCConfigurationList section */
		806AD5172D6E59DA00806ACB /* Build configuration list for PBXProject "goal tracker" */ = {
			isa = XCConfigurationList;
			buildConfigurations = (
				806AD53E2D6E59DB00806ACB /* Debug */,
				806AD53F2D6E59DB00806ACB /* Release */,
			);
			defaultConfigurationIsVisible = 0;
			defaultConfigurationName = Release;
		};
		806AD5402D6E59DB00806ACB /* Build configuration list for PBXNativeTarget "goal tracker" */ = {
			isa = XCConfigurationList;
			buildConfigurations = (
				806AD5412D6E59DB00806ACB /* Debug */,
				806AD5422D6E59DB00806ACB /* Release */,
			);
			defaultConfigurationIsVisible = 0;
			defaultConfigurationName = Release;
		};
		806AD5432D6E59DB00806ACB /* Build configuration list for PBXNativeTarget "goal trackerTests" */ = {
			isa = XCConfigurationList;
			buildConfigurations = (
				806AD5442D6E59DB00806ACB /* Debug */,
				806AD5452D6E59DB00806ACB /* Release */,
			);
			defaultConfigurationIsVisible = 0;
			defaultConfigurationName = Release;
		};
		806AD5462D6E59DB00806ACB /* Build configuration list for PBXNativeTarget "goal trackerUITests" */ = {
			isa = XCConfigurationList;
			buildConfigurations = (
				806AD5472D6E59DB00806ACB /* Debug */,
				806AD5482D6E59DB00806ACB /* Release */,
			);
			defaultConfigurationIsVisible = 0;
			defaultConfigurationName = Release;
		};
/* End XCConfigurationList section */
	};
	rootObject = 806AD5142D6E59DA00806ACB /* Project object */;
}
